
Microsoft Visual Studio Solution File, Format Version 12.00
# Visual Studio Version 17
VisualStudioVersion = 17.14.36811.4 d17.14
MinimumVisualStudioVersion = 10.0.40219.1
Project("{FAE04EC0-301F-11D3-BF4B-00C04F79EFBC}") = "SaveMyFit", "src\SaveMyFit\SaveMyFit.csproj", "{53C953DD-0702-46AC-A829-C60ADF8769A0}"
EndProject
Global
	GlobalSection(SolutionConfigurationPlatforms) = preSolution
		Debug|Any CPU = Debug|Any CPU
		Release|Any CPU = Release|Any CPU
	EndGlobalSection
	GlobalSection(ProjectConfigurationPlatforms) = postSolution
		{53C953DD-0702-46AC-A829-C60ADF8769A0}.Debug|Any CPU.ActiveCfg = Debug|Any CPU
		{53C953DD-0702-46AC-A829-C60ADF8769A0}.Debug|Any CPU.Build.0 = Debug|Any CPU
		{53C953DD-0702-46AC-A829-C60ADF8769A0}.Release|Any CPU.ActiveCfg = Release|Any CPU
		{53C953DD-0702-46AC-A829-C60ADF8769A0}.Release|Any CPU.Build.0 = Release|Any CPU
	EndGlobalSection
	GlobalSection(SolutionProperties) = preSolution
		HideSolutionNode = FALSE
	EndGlobalSection
	GlobalSection(ExtensibilityGlobals) = postSolution
		SolutionGuid = {18F5CC7C-8A36-47CE-B0A1-150ABA082F1E}
	EndGlobalSection
EndGlobal
